<?xml version="1.0" encoding="utf-8"?>
<Project ToolsVersion="4.0" xmlns="http://schemas.microsoft.com/developer/msbuild/2003">
  <ItemGroup>
    <Filter Include="Source Files">
      <UniqueIdentifier>{4FC737F1-C7A5-4376-A066-2A32D752A2FF}</UniqueIdentifier>
      <Extensions>cpp;c;cc;cxx;c++;cppm;ixx;def;odl;idl;hpj;bat;asm;asmx</Extensions>
    </Filter>
    <Filter Include="Header Files">
      <UniqueIdentifier>{93995380-89BD-4b04-88EB-625FBE52EBFB}</UniqueIdentifier>
      <Extensions>h;hh;hpp;hxx;h++;hm;inl;inc;ipp;xsd</Extensions>
    </Filter>
    <Filter Include="Resource Files">
      <UniqueIdentifier>{67DA6AB6-F800-4c08-8B7A-83BB121AAD01}</UniqueIdentifier>
      <Extensions>rc;ico;cur;bmp;dlg;rc2;rct;bin;rgs;gif;jpg;jpeg;jpe;resx;tiff;tif;png;wav;mfcribbon-ms</Extensions>
    </Filter>
    <Filter Include="Source Files\Units">
      <UniqueIdentifier>{8c99249d-b9c8-461f-b913-9581120c57f8}</UniqueIdentifier>
    </Filter>
    <Filter Include="Source Files\Script">
      <UniqueIdentifier>{3a6fe2eb-7758-4889-9683-6a067d403ea8}</UniqueIdentifier>
    </Filter>
    <Filter Include="Source Files\JCR6">
      <UniqueIdentifier>{3594cf5c-a339-4eda-8137-232870c64933}</UniqueIdentifier>
    </Filter>
    <Filter Include="Source Files\TQSL">
      <UniqueIdentifier>{2909cc60-8421-4516-8e40-1e64a33512c0}</UniqueIdentifier>
    </Filter>
    <Filter Include="Source Files\TQSL\SDL2">
      <UniqueIdentifier>{8b0404ee-7fa9-445c-9621-9d52a419ff75}</UniqueIdentifier>
    </Filter>
    <Filter Include="Source Files\June19">
      <UniqueIdentifier>{9b25d466-8370-47f1-9d5d-3d6d4b7d0de0}</UniqueIdentifier>
    </Filter>
    <Filter Include="Header Files\Units">
      <UniqueIdentifier>{7d1b3c7b-8588-4c5c-ba3b-503aee6ee770}</UniqueIdentifier>
    </Filter>
  </ItemGroup>
  <ItemGroup>
    <ClCompile Include="Gwendolyn.cpp">
      <Filter>Source Files</Filter>
    </ClCompile>
    <ClCompile Include="..\..\Libs\Units\Source\SlyvBank.cpp">
      <Filter>Source Files\Units</Filter>
    </ClCompile>
    <ClCompile Include="..\..\Libs\Units\Source\SlyvDir.cpp">
      <Filter>Source Files\Units</Filter>
    </ClCompile>
    <ClCompile Include="..\..\Libs\Units\Source\SlyvDirry.cpp">
      <Filter>Source Files\Units</Filter>
    </ClCompile>
    <ClCompile Include="..\..\Libs\Units\Source\SlyvOpenURL.cpp">
      <Filter>Source Files\Units</Filter>
    </ClCompile>
    <ClCompile Include="..\..\Libs\Units\Source\SlyvQCol.cpp">
      <Filter>Source Files\Units</Filter>
    </ClCompile>
    <ClCompile Include="..\..\Libs\Units\Source\SlyvRequestFile.cpp">
      <Filter>Source Files\Units</Filter>
    </ClCompile>
    <ClCompile Include="..\..\Libs\Units\Source\SlyvRoman.cpp">
      <Filter>Source Files\Units</Filter>
    </ClCompile>
    <ClCompile Include="..\..\Libs\Units\Source\SlyvSharedArray.cpp">
      <Filter>Source Files\Units</Filter>
    </ClCompile>
    <ClCompile Include="..\..\Libs\Units\Source\SlyvSTOI.cpp">
      <Filter>Source Files\Units</Filter>
    </ClCompile>
    <ClCompile Include="..\..\Libs\Units\Source\SlyvStream.cpp">
      <Filter>Source Files\Units</Filter>
    </ClCompile>
    <ClCompile Include="..\..\Libs\Units\Source\SlyvString.cpp">
      <Filter>Source Files\Units</Filter>
    </ClCompile>
    <ClCompile Include="..\..\Libs\Units\Source\SlyvTime.cpp">
      <Filter>Source Files\Units</Filter>
    </ClCompile>
    <ClCompile Include="..\..\Libs\Units\Source\SlyvVolumes.cpp">
      <Filter>Source Files\Units</Filter>
    </ClCompile>
    <ClCompile Include="..\..\Libs\Units\Source\SlyvWindows.cpp">
      <Filter>Source Files\Units</Filter>
    </ClCompile>
    <ClCompile Include="Gwen_Assets.cpp">
      <Filter>Source Files</Filter>
    </ClCompile>
    <ClCompile Include="..\..\Libs\JCR6\Source\JCR6_Core.cpp">
      <Filter>Source Files\JCR6</Filter>
    </ClCompile>
    <ClCompile Include="..\..\Libs\JCR6\Source\JCR6_zlib.cpp">
      <Filter>Source Files\JCR6</Filter>
    </ClCompile>
    <ClCompile Include="..\..\Libs\TQSL\Source\TQSA.cpp">
      <Filter>Source Files\TQSL</Filter>
    </ClCompile>
    <ClCompile Include="..\..\Libs\TQSL\Source\TQSE.cpp">
      <Filter>Source Files\TQSL</Filter>
    </ClCompile>
    <ClCompile Include="..\..\Libs\TQSL\Source\TQSG.cpp">
      <Filter>Source Files\TQSL</Filter>
    </ClCompile>
    <ClCompile Include="Gwen_GUI.cpp">
      <Filter>Source Files</Filter>
    </ClCompile>
    <ClCompile Include="..\..\Libs\June19\src\june19_button.cpp">
      <Filter>Source Files\June19</Filter>
    </ClCompile>
    <ClCompile Include="..\..\Libs\June19\src\june19_checkbox.cpp">
      <Filter>Source Files\June19</Filter>
    </ClCompile>
    <ClCompile Include="..\..\Libs\June19\src\june19_core.cpp">
      <Filter>Source Files\June19</Filter>
    </ClCompile>
    <ClCompile Include="..\..\Libs\June19\src\june19_label.cpp">
      <Filter>Source Files\June19</Filter>
    </ClCompile>
    <ClCompile Include="..\..\Libs\June19\src\june19_listbox.cpp">
      <Filter>Source Files\June19</Filter>
    </ClCompile>
    <ClCompile Include="..\..\Libs\June19\src\june19_picture.cpp">
      <Filter>Source Files\June19</Filter>
    </ClCompile>
    <ClCompile Include="..\..\Libs\June19\src\june19_radio.cpp">
      <Filter>Source Files\June19</Filter>
    </ClCompile>
    <ClCompile Include="..\..\Libs\June19\src\june19_scrollbar.cpp">
      <Filter>Source Files\June19</Filter>
    </ClCompile>
    <ClCompile Include="..\..\Libs\June19\src\june19_tabber.cpp">
      <Filter>Source Files\June19</Filter>
    </ClCompile>
    <ClCompile Include="..\..\Libs\June19\src\june19_textfield.cpp">
      <Filter>Source Files\June19</Filter>
    </ClCompile>
    <ClCompile Include="Gwen_Clock.cpp">
      <Filter>Source Files</Filter>
    </ClCompile>
    <ClCompile Include="Gwen_Config.cpp">
      <Filter>Source Files</Filter>
    </ClCompile>
    <ClCompile Include="Gwen_Schedule.cpp">
      <Filter>Source Files</Filter>
    </ClCompile>
    <ClCompile Include="..\..\Libs\Units\Source\SlyvPhantasarTime.cpp">
      <Filter>Source Files\Units</Filter>
    </ClCompile>
    <ClCompile Include="Gwen_CountDown.cpp">
      <Filter>Source Files</Filter>
    </ClCompile>
  </ItemGroup>
  <ItemGroup>
    <None Include="Gwen_Jalondi.lua">
      <Filter>Source Files\Script</Filter>
    </None>
    <None Include="Gwen_Jalondi.ps1">
      <Filter>Source Files\Script</Filter>
    </None>
  </ItemGroup>
  <ItemGroup>
    <ClInclude Include="Gwen_Assets.hpp">
      <Filter>Header Files</Filter>
    </ClInclude>
    <ClInclude Include="Gwen_GUI.hpp">
      <Filter>Header Files</Filter>
    </ClInclude>
    <ClInclude Include="Gwen_Clock.hpp">
      <Filter>Header Files</Filter>
    </ClInclude>
    <ClInclude Include="Gwen_Config.hpp">
      <Filter>Header Files</Filter>
    </ClInclude>
    <ClInclude Include="Gwen_Schedule.hpp">
      <Filter>Header Files</Filter>
    </ClInclude>
    <ClInclude Include="..\..\Libs\Units\Headers\SlyvPhantasarTime.hpp">
      <Filter>Header Files\Units</Filter>
    </ClInclude>
    <ClInclude Include="..\..\Libs\Units\Headers\SlyvTime.hpp">
      <Filter>Header Files\Units</Filter>
    </ClInclude>
    <ClInclude Include="resource.h">
      <Filter>Header Files</Filter>
    </ClInclude>
    <ClInclude Include="Gwen_Version.hpp">
      <Filter>Header Files</Filter>
    </ClInclude>
    <ClInclude Include="Gwen_CountDown.hpp">
      <Filter>Header Files</Filter>
    </ClInclude>
  </ItemGroup>
  <ItemGroup>
    <Library Include="..\..\Libs\JCR6\3rdParty\zlib\zlibstatic.lib">
      <Filter>Source Files\JCR6</Filter>
    </Library>
    <Library Include="..\..\Libs\TQSL\SDL2\SDL2.lib">
      <Filter>Source Files\TQSL\SDL2</Filter>
    </Library>
    <Library Include="..\..\Libs\TQSL\SDL2\SDL2_image.lib">
      <Filter>Source Files\TQSL\SDL2</Filter>
    </Library>
    <Library Include="..\..\Libs\TQSL\SDL2\SDL2_mixer.lib">
      <Filter>Source Files\TQSL\SDL2</Filter>
    </Library>
    <Library Include="..\..\Libs\TQSL\SDL2\SDL2main.lib">
      <Filter>Source Files\TQSL\SDL2</Filter>
    </Library>
    <Library Include="..\..\Libs\TQSL\SDL2\SDL2test.lib">
      <Filter>Source Files\TQSL\SDL2</Filter>
    </Library>
  </ItemGroup>
  <ItemGroup>
    <CopyFileToFolders Include="..\..\Libs\TQSL\SDL2\libFLAC-8.dll">
      <Filter>Source Files\TQSL\SDL2</Filter>
    </CopyFileToFolders>
    <CopyFileToFolders Include="..\..\Libs\TQSL\SDL2\libjpeg-9.dll">
      <Filter>Source Files\TQSL\SDL2</Filter>
    </CopyFileToFolders>
    <CopyFileToFolders Include="..\..\Libs\TQSL\SDL2\libmodplug-1.dll">
      <Filter>Source Files\TQSL\SDL2</Filter>
    </CopyFileToFolders>
    <CopyFileToFolders Include="..\..\Libs\TQSL\SDL2\libmpg123-0.dll">
      <Filter>Source Files\TQSL\SDL2</Filter>
    </CopyFileToFolders>
    <CopyFileToFolders Include="..\..\Libs\TQSL\SDL2\libogg-0.dll">
      <Filter>Source Files\TQSL\SDL2</Filter>
    </CopyFileToFolders>
    <CopyFileToFolders Include="..\..\Libs\TQSL\SDL2\libopus-0.dll">
      <Filter>Source Files\TQSL\SDL2</Filter>
    </CopyFileToFolders>
    <CopyFileToFolders Include="..\..\Libs\TQSL\SDL2\libopusfile-0.dll">
      <Filter>Source Files\TQSL\SDL2</Filter>
    </CopyFileToFolders>
    <CopyFileToFolders Include="..\..\Libs\TQSL\SDL2\libpng16-16.dll">
      <Filter>Source Files\TQSL\SDL2</Filter>
    </CopyFileToFolders>
    <CopyFileToFolders Include="..\..\Libs\TQSL\SDL2\libtiff-5.dll">
      <Filter>Source Files\TQSL\SDL2</Filter>
    </CopyFileToFolders>
    <CopyFileToFolders Include="..\..\Libs\TQSL\SDL2\libvorbis-0.dll">
      <Filter>Source Files\TQSL\SDL2</Filter>
    </CopyFileToFolders>
    <CopyFileToFolders Include="..\..\Libs\TQSL\SDL2\libvorbisfile-3.dll">
      <Filter>Source Files\TQSL\SDL2</Filter>
    </CopyFileToFolders>
    <CopyFileToFolders Include="..\..\Libs\TQSL\SDL2\libwebp-7.dll">
      <Filter>Source Files\TQSL\SDL2</Filter>
    </CopyFileToFolders>
    <CopyFileToFolders Include="..\..\Libs\TQSL\SDL2\SDL2.dll">
      <Filter>Source Files\TQSL\SDL2</Filter>
    </CopyFileToFolders>
    <CopyFileToFolders Include="..\..\Libs\TQSL\SDL2\SDL2_image.dll">
      <Filter>Source Files\TQSL\SDL2</Filter>
    </CopyFileToFolders>
    <CopyFileToFolders Include="..\..\Libs\TQSL\SDL2\SDL2_mixer.dll">
      <Filter>Source Files\TQSL\SDL2</Filter>
    </CopyFileToFolders>
    <CopyFileToFolders Include="..\..\Libs\TQSL\SDL2\zlib1.dll">
      <Filter>Source Files\TQSL\SDL2</Filter>
    </CopyFileToFolders>
  </ItemGroup>
  <ItemGroup>
    <ResourceCompile Include="Gwendolyn.rc">
      <Filter>Resource Files</Filter>
    </ResourceCompile>
  </ItemGroup>
  <ItemGroup>
    <Image Include="Icon\Gwendolyn.ico">
      <Filter>Resource Files</Filter>
    </Image>
  </ItemGroup>
</Project>